// !$*UTF8*$!
{
	archiveVersion = 1;
	classes = {
	};
	objectVersion = 56;
	objects = {

/* Begin PBXBuildFile section */
		F018F46D2C3B1959004EC349 /* OAuth2TokenActions.swift in Sources */ = {isa = PBXBuildFile; fileRef = F018F46C2C3B1959004EC349 /* OAuth2TokenActions.swift */; };
		F0192D7D2C33665400DD57F8 /* AuthConfiguration.swift in Sources */ = {isa = PBXBuildFile; fileRef = F0192D7C2C33665400DD57F8 /* AuthConfiguration.swift */; };
		F020E8692C6E43B30021D555 /* Logger.swift in Sources */ = {isa = PBXBuildFile; fileRef = F020E8682C6E43B30021D555 /* Logger.swift */; };
		F027D2EF2C739FD400359E34 /* WebViewPresenter.swift in Sources */ = {isa = PBXBuildFile; fileRef = F027D2EE2C739FD400359E34 /* WebViewPresenter.swift */; };
		F027D2F12C74B93F00359E34 /* AuthHelper.swift in Sources */ = {isa = PBXBuildFile; fileRef = F027D2F02C74B93F00359E34 /* AuthHelper.swift */; };
		F02CA7842C40303500E1AABD /* OAuthTokenResponseBody.swift in Sources */ = {isa = PBXBuildFile; fileRef = F02CA7832C40303500E1AABD /* OAuthTokenResponseBody.swift */; };
		F02FCEA82C46CD7300DAA8C5 /* UIBlockingProgressHUD.swift in Sources */ = {isa = PBXBuildFile; fileRef = F02FCEA72C46CD7300DAA8C5 /* UIBlockingProgressHUD.swift */; };
		F02FCEAA2C47FE8300DAA8C5 /* ProfileService.swift in Sources */ = {isa = PBXBuildFile; fileRef = F02FCEA92C47FE8300DAA8C5 /* ProfileService.swift */; };
		F02FF05B2C4FE3D30006E325 /* SwiftKeychainWrapper in Frameworks */ = {isa = PBXBuildFile; productRef = F02FF05A2C4FE3D30006E325 /* SwiftKeychainWrapper */; };
		F02FF05D2C4FFBC40006E325 /* TabBarController.swift in Sources */ = {isa = PBXBuildFile; fileRef = F02FF05C2C4FFBC40006E325 /* TabBarController.swift */; };
		F052F4282C49B7F800099112 /* ProfileImageService.swift in Sources */ = {isa = PBXBuildFile; fileRef = F052F4272C49B7F700099112 /* ProfileImageService.swift */; };
		F052F42B2C4A84D600099112 /* URLSession+Extensions.swift in Sources */ = {isa = PBXBuildFile; fileRef = F052F42A2C4A84D600099112 /* URLSession+Extensions.swift */; };
		F052F42E2C4D8B7400099112 /* Kingfisher in Frameworks */ = {isa = PBXBuildFile; productRef = F052F42D2C4D8B7400099112 /* Kingfisher */; };
		F06F3BE82C70B773009928E9 /* UrlsResult.swift in Sources */ = {isa = PBXBuildFile; fileRef = F06F3BE72C70B773009928E9 /* UrlsResult.swift */; };
		F06F3BEA2C70B79F009928E9 /* UserResult.swift in Sources */ = {isa = PBXBuildFile; fileRef = F06F3BE92C70B79F009928E9 /* UserResult.swift */; };
		F06F3BEC2C70B7B6009928E9 /* ProfileImageResult.swift in Sources */ = {isa = PBXBuildFile; fileRef = F06F3BEB2C70B7B6009928E9 /* ProfileImageResult.swift */; };
		F06F3BEE2C70B7C5009928E9 /* SocialResult.swift in Sources */ = {isa = PBXBuildFile; fileRef = F06F3BED2C70B7C5009928E9 /* SocialResult.swift */; };
		F06F3BF02C70B7D9009928E9 /* Photo.swift in Sources */ = {isa = PBXBuildFile; fileRef = F06F3BEF2C70B7D9009928E9 /* Photo.swift */; };
		F0716F262BD975DD001560CD /* AppDelegate.swift in Sources */ = {isa = PBXBuildFile; fileRef = F0716F252BD975DD001560CD /* AppDelegate.swift */; };
		F0716F282BD975DD001560CD /* SceneDelegate.swift in Sources */ = {isa = PBXBuildFile; fileRef = F0716F272BD975DD001560CD /* SceneDelegate.swift */; };
		F0716F2A2BD975DD001560CD /* ImagesListViewController.swift in Sources */ = {isa = PBXBuildFile; fileRef = F0716F292BD975DD001560CD /* ImagesListViewController.swift */; };
		F0716F2D2BD975DD001560CD /* Main.storyboard in Resources */ = {isa = PBXBuildFile; fileRef = F0716F2B2BD975DD001560CD /* Main.storyboard */; };
		F0716F302BD975DD001560CD /* ImageFeed.xcdatamodeld in Sources */ = {isa = PBXBuildFile; fileRef = F0716F2E2BD975DD001560CD /* ImageFeed.xcdatamodeld */; };
		F0716F322BD975E1001560CD /* Assets.xcassets in Resources */ = {isa = PBXBuildFile; fileRef = F0716F312BD975E1001560CD /* Assets.xcassets */; };
		F0716F352BD975E1001560CD /* LaunchScreen.storyboard in Resources */ = {isa = PBXBuildFile; fileRef = F0716F332BD975E1001560CD /* LaunchScreen.storyboard */; };
		F0716F4A2BD975E2001560CD /* ImageFeedUITests.swift in Sources */ = {isa = PBXBuildFile; fileRef = F0716F492BD975E2001560CD /* ImageFeedUITests.swift */; };
		F0716F4C2BD975E2001560CD /* ImageFeedUITestsLaunchTests.swift in Sources */ = {isa = PBXBuildFile; fileRef = F0716F4B2BD975E2001560CD /* ImageFeedUITestsLaunchTests.swift */; };
		F08EE29E2C74F3DA008823DF /* WebViewTests.swift in Sources */ = {isa = PBXBuildFile; fileRef = F08EE29D2C74F3DA008823DF /* WebViewTests.swift */; };
		F0A3F8042C0CDF6100CACF2C /* SingleImageViewController.swift in Sources */ = {isa = PBXBuildFile; fileRef = F0A3F8032C0CDF6100CACF2C /* SingleImageViewController.swift */; };
		F0A64CFE2C6CEA36008AFA84 /* ProfileLogoutService.swift in Sources */ = {isa = PBXBuildFile; fileRef = F0A64CFD2C6CEA36008AFA84 /* ProfileLogoutService.swift */; };
		F0A9A87B2C3C930800B9CF08 /* SplashViewController.swift in Sources */ = {isa = PBXBuildFile; fileRef = F0A9A87A2C3C930800B9CF08 /* SplashViewController.swift */; };
		F0ACD62F2C429077001C6B65 /* ProgressHUD in Frameworks */ = {isa = PBXBuildFile; productRef = F0ACD62E2C429077001C6B65 /* ProgressHUD */; };
		F0AEC0312BEE2C33007F1412 /* ImagesListCell.swift in Sources */ = {isa = PBXBuildFile; fileRef = F0AEC0302BEE2C33007F1412 /* ImagesListCell.swift */; };
		F0AEC0352BFB8154007F1412 /* ProfileViewController.swift in Sources */ = {isa = PBXBuildFile; fileRef = F0AEC0342BFB8154007F1412 /* ProfileViewController.swift */; };
		F0C72A542C750B1D00416E5B /* WebViewPresenterSpy.swift in Sources */ = {isa = PBXBuildFile; fileRef = F0C72A532C750B1D00416E5B /* WebViewPresenterSpy.swift */; };
		F0C72A562C750B3700416E5B /* WebViewViewControllerSpy.swift in Sources */ = {isa = PBXBuildFile; fileRef = F0C72A552C750B3700416E5B /* WebViewViewControllerSpy.swift */; };
		F0CFEE672C590A2000B5AAEE /* ImagesListService.swift in Sources */ = {isa = PBXBuildFile; fileRef = F0CFEE662C590A2000B5AAEE /* ImagesListService.swift */; };
		F0CFEE692C590B6400B5AAEE /* PhotoResult.swift in Sources */ = {isa = PBXBuildFile; fileRef = F0CFEE682C590B6400B5AAEE /* PhotoResult.swift */; };
		F0DF796E2C36FBC800B0BE4E /* AuthViewController.swift in Sources */ = {isa = PBXBuildFile; fileRef = F0DF796D2C36FBC800B0BE4E /* AuthViewController.swift */; };
		F0DF79702C36FE8400B0BE4E /* WebViewViewController.swift in Sources */ = {isa = PBXBuildFile; fileRef = F0DF796F2C36FE8400B0BE4E /* WebViewViewController.swift */; };
		F0DF79722C375F3000B0BE4E /* WebViewViewControllerDelegate.swift in Sources */ = {isa = PBXBuildFile; fileRef = F0DF79712C375F3000B0BE4E /* WebViewViewControllerDelegate.swift */; };
		F0DF79742C3AC38800B0BE4E /* OAuth2Service.swift in Sources */ = {isa = PBXBuildFile; fileRef = F0DF79732C3AC38800B0BE4E /* OAuth2Service.swift */; };
/* End PBXBuildFile section */

/* Begin PBXContainerItemProxy section */
		F0716F3C2BD975E2001560CD /* PBXContainerItemProxy */ = {
			isa = PBXContainerItemProxy;
			containerPortal = F0716F1A2BD975DD001560CD /* Project object */;
			proxyType = 1;
			remoteGlobalIDString = F0716F212BD975DD001560CD;
			remoteInfo = ImageFeed;
		};
		F0716F462BD975E2001560CD /* PBXContainerItemProxy */ = {
			isa = PBXContainerItemProxy;
			containerPortal = F0716F1A2BD975DD001560CD /* Project object */;
			proxyType = 1;
			remoteGlobalIDString = F0716F212BD975DD001560CD;
			remoteInfo = ImageFeed;
		};
/* End PBXContainerItemProxy section */

/* Begin PBXFileReference section */
		F018F46C2C3B1959004EC349 /* OAuth2TokenActions.swift */ = {isa = PBXFileReference; lastKnownFileType = sourcecode.swift; path = OAuth2TokenActions.swift; sourceTree = "<group>"; };
		F0192D7C2C33665400DD57F8 /* AuthConfiguration.swift */ = {isa = PBXFileReference; lastKnownFileType = sourcecode.swift; path = AuthConfiguration.swift; sourceTree = "<group>"; };
		F020E8682C6E43B30021D555 /* Logger.swift */ = {isa = PBXFileReference; lastKnownFileType = sourcecode.swift; path = Logger.swift; sourceTree = "<group>"; };
		F027D2EE2C739FD400359E34 /* WebViewPresenter.swift */ = {isa = PBXFileReference; lastKnownFileType = sourcecode.swift; path = WebViewPresenter.swift; sourceTree = "<group>"; };
		F027D2F02C74B93F00359E34 /* AuthHelper.swift */ = {isa = PBXFileReference; lastKnownFileType = sourcecode.swift; path = AuthHelper.swift; sourceTree = "<group>"; };
		F02CA7832C40303500E1AABD /* OAuthTokenResponseBody.swift */ = {isa = PBXFileReference; lastKnownFileType = sourcecode.swift; path = OAuthTokenResponseBody.swift; sourceTree = "<group>"; };
		F02FCEA72C46CD7300DAA8C5 /* UIBlockingProgressHUD.swift */ = {isa = PBXFileReference; lastKnownFileType = sourcecode.swift; path = UIBlockingProgressHUD.swift; sourceTree = "<group>"; };
		F02FCEA92C47FE8300DAA8C5 /* ProfileService.swift */ = {isa = PBXFileReference; lastKnownFileType = sourcecode.swift; path = ProfileService.swift; sourceTree = "<group>"; };
		F02FF05C2C4FFBC40006E325 /* TabBarController.swift */ = {isa = PBXFileReference; lastKnownFileType = sourcecode.swift; path = TabBarController.swift; sourceTree = "<group>"; };
		F052F4272C49B7F700099112 /* ProfileImageService.swift */ = {isa = PBXFileReference; lastKnownFileType = sourcecode.swift; path = ProfileImageService.swift; sourceTree = "<group>"; };
		F052F42A2C4A84D600099112 /* URLSession+Extensions.swift */ = {isa = PBXFileReference; lastKnownFileType = sourcecode.swift; path = "URLSession+Extensions.swift"; sourceTree = "<group>"; };
		F06F3BE72C70B773009928E9 /* UrlsResult.swift */ = {isa = PBXFileReference; lastKnownFileType = sourcecode.swift; path = UrlsResult.swift; sourceTree = "<group>"; };
		F06F3BE92C70B79F009928E9 /* UserResult.swift */ = {isa = PBXFileReference; lastKnownFileType = sourcecode.swift; path = UserResult.swift; sourceTree = "<group>"; };
		F06F3BEB2C70B7B6009928E9 /* ProfileImageResult.swift */ = {isa = PBXFileReference; lastKnownFileType = sourcecode.swift; path = ProfileImageResult.swift; sourceTree = "<group>"; };
		F06F3BED2C70B7C5009928E9 /* SocialResult.swift */ = {isa = PBXFileReference; lastKnownFileType = sourcecode.swift; path = SocialResult.swift; sourceTree = "<group>"; };
		F06F3BEF2C70B7D9009928E9 /* Photo.swift */ = {isa = PBXFileReference; lastKnownFileType = sourcecode.swift; path = Photo.swift; sourceTree = "<group>"; };
		F0716F222BD975DD001560CD /* ImageFeed.app */ = {isa = PBXFileReference; explicitFileType = wrapper.application; includeInIndex = 0; path = ImageFeed.app; sourceTree = BUILT_PRODUCTS_DIR; };
		F0716F252BD975DD001560CD /* AppDelegate.swift */ = {isa = PBXFileReference; lastKnownFileType = sourcecode.swift; path = AppDelegate.swift; sourceTree = "<group>"; };
		F0716F272BD975DD001560CD /* SceneDelegate.swift */ = {isa = PBXFileReference; lastKnownFileType = sourcecode.swift; path = SceneDelegate.swift; sourceTree = "<group>"; };
		F0716F292BD975DD001560CD /* ImagesListViewController.swift */ = {isa = PBXFileReference; lastKnownFileType = sourcecode.swift; path = ImagesListViewController.swift; sourceTree = "<group>"; };
		F0716F2C2BD975DD001560CD /* Base */ = {isa = PBXFileReference; lastKnownFileType = file.storyboard; name = Base; path = Base.lproj/Main.storyboard; sourceTree = "<group>"; };
		F0716F2F2BD975DD001560CD /* ImageFeed.xcdatamodel */ = {isa = PBXFileReference; lastKnownFileType = wrapper.xcdatamodel; path = ImageFeed.xcdatamodel; sourceTree = "<group>"; };
		F0716F312BD975E1001560CD /* Assets.xcassets */ = {isa = PBXFileReference; lastKnownFileType = folder.assetcatalog; path = Assets.xcassets; sourceTree = "<group>"; };
		F0716F342BD975E1001560CD /* Base */ = {isa = PBXFileReference; lastKnownFileType = file.storyboard; name = Base; path = Base.lproj/LaunchScreen.storyboard; sourceTree = "<group>"; };
		F0716F362BD975E1001560CD /* Info.plist */ = {isa = PBXFileReference; lastKnownFileType = text.plist.xml; path = Info.plist; sourceTree = "<group>"; };
		F0716F3B2BD975E2001560CD /* ImageFeedTests.xctest */ = {isa = PBXFileReference; explicitFileType = wrapper.cfbundle; includeInIndex = 0; path = ImageFeedTests.xctest; sourceTree = BUILT_PRODUCTS_DIR; };
		F0716F452BD975E2001560CD /* ImageFeedUITests.xctest */ = {isa = PBXFileReference; explicitFileType = wrapper.cfbundle; includeInIndex = 0; path = ImageFeedUITests.xctest; sourceTree = BUILT_PRODUCTS_DIR; };
		F0716F492BD975E2001560CD /* ImageFeedUITests.swift */ = {isa = PBXFileReference; lastKnownFileType = sourcecode.swift; path = ImageFeedUITests.swift; sourceTree = "<group>"; };
		F0716F4B2BD975E2001560CD /* ImageFeedUITestsLaunchTests.swift */ = {isa = PBXFileReference; lastKnownFileType = sourcecode.swift; path = ImageFeedUITestsLaunchTests.swift; sourceTree = "<group>"; };
		F08EE29D2C74F3DA008823DF /* WebViewTests.swift */ = {isa = PBXFileReference; lastKnownFileType = sourcecode.swift; path = WebViewTests.swift; sourceTree = "<group>"; };
		F08EE29F2C74F5E9008823DF /* ImageFeedTests-Bridging-Header.h */ = {isa = PBXFileReference; lastKnownFileType = sourcecode.c.h; path = "ImageFeedTests-Bridging-Header.h"; sourceTree = "<group>"; };
		F0A3F8032C0CDF6100CACF2C /* SingleImageViewController.swift */ = {isa = PBXFileReference; lastKnownFileType = sourcecode.swift; path = SingleImageViewController.swift; sourceTree = "<group>"; };
		F0A64CFD2C6CEA36008AFA84 /* ProfileLogoutService.swift */ = {isa = PBXFileReference; lastKnownFileType = sourcecode.swift; path = ProfileLogoutService.swift; sourceTree = "<group>"; };
		F0A9A87A2C3C930800B9CF08 /* SplashViewController.swift */ = {isa = PBXFileReference; lastKnownFileType = sourcecode.swift; path = SplashViewController.swift; sourceTree = "<group>"; };
		F0AEC0302BEE2C33007F1412 /* ImagesListCell.swift */ = {isa = PBXFileReference; lastKnownFileType = sourcecode.swift; path = ImagesListCell.swift; sourceTree = "<group>"; };
		F0AEC0342BFB8154007F1412 /* ProfileViewController.swift */ = {isa = PBXFileReference; lastKnownFileType = sourcecode.swift; path = ProfileViewController.swift; sourceTree = "<group>"; };
		F0C72A532C750B1D00416E5B /* WebViewPresenterSpy.swift */ = {isa = PBXFileReference; lastKnownFileType = sourcecode.swift; path = WebViewPresenterSpy.swift; sourceTree = "<group>"; };
		F0C72A552C750B3700416E5B /* WebViewViewControllerSpy.swift */ = {isa = PBXFileReference; lastKnownFileType = sourcecode.swift; path = WebViewViewControllerSpy.swift; sourceTree = "<group>"; };
		F0CFEE662C590A2000B5AAEE /* ImagesListService.swift */ = {isa = PBXFileReference; lastKnownFileType = sourcecode.swift; path = ImagesListService.swift; sourceTree = "<group>"; };
		F0CFEE682C590B6400B5AAEE /* PhotoResult.swift */ = {isa = PBXFileReference; lastKnownFileType = sourcecode.swift; path = PhotoResult.swift; sourceTree = "<group>"; };
		F0DF796D2C36FBC800B0BE4E /* AuthViewController.swift */ = {isa = PBXFileReference; lastKnownFileType = sourcecode.swift; path = AuthViewController.swift; sourceTree = "<group>"; };
		F0DF796F2C36FE8400B0BE4E /* WebViewViewController.swift */ = {isa = PBXFileReference; lastKnownFileType = sourcecode.swift; path = WebViewViewController.swift; sourceTree = "<group>"; };
		F0DF79712C375F3000B0BE4E /* WebViewViewControllerDelegate.swift */ = {isa = PBXFileReference; lastKnownFileType = sourcecode.swift; path = WebViewViewControllerDelegate.swift; sourceTree = "<group>"; };
		F0DF79732C3AC38800B0BE4E /* OAuth2Service.swift */ = {isa = PBXFileReference; lastKnownFileType = sourcecode.swift; path = OAuth2Service.swift; sourceTree = "<group>"; };
/* End PBXFileReference section */

/* Begin PBXFrameworksBuildPhase section */
		F0716F1F2BD975DD001560CD /* Frameworks */ = {
			isa = PBXFrameworksBuildPhase;
			buildActionMask = 2147483647;
			files = (
				F052F42E2C4D8B7400099112 /* Kingfisher in Frameworks */,
				F0ACD62F2C429077001C6B65 /* ProgressHUD in Frameworks */,
				F02FF05B2C4FE3D30006E325 /* SwiftKeychainWrapper in Frameworks */,
			);
			runOnlyForDeploymentPostprocessing = 0;
		};
		F0716F382BD975E2001560CD /* Frameworks */ = {
			isa = PBXFrameworksBuildPhase;
			buildActionMask = 2147483647;
			files = (
			);
			runOnlyForDeploymentPostprocessing = 0;
		};
		F0716F422BD975E2001560CD /* Frameworks */ = {
			isa = PBXFrameworksBuildPhase;
			buildActionMask = 2147483647;
			files = (
			);
			runOnlyForDeploymentPostprocessing = 0;
		};
/* End PBXFrameworksBuildPhase section */

/* Begin PBXGroup section */
		F052F4292C4A84C500099112 /* Service */ = {
			isa = PBXGroup;
			children = (
				F052F42A2C4A84D600099112 /* URLSession+Extensions.swift */,
				F020E8682C6E43B30021D555 /* Logger.swift */,
			);
			path = Service;
			sourceTree = "<group>";
		};
		F06F3BF12C70B898009928E9 /* PhotoModels */ = {
			isa = PBXGroup;
			children = (
				F0CFEE682C590B6400B5AAEE /* PhotoResult.swift */,
				F06F3BE92C70B79F009928E9 /* UserResult.swift */,
				F06F3BEB2C70B7B6009928E9 /* ProfileImageResult.swift */,
				F06F3BED2C70B7C5009928E9 /* SocialResult.swift */,
				F06F3BEF2C70B7D9009928E9 /* Photo.swift */,
				F06F3BE72C70B773009928E9 /* UrlsResult.swift */,
			);
			path = PhotoModels;
			sourceTree = "<group>";
		};
		F0716F192BD975DD001560CD = {
			isa = PBXGroup;
			children = (
				F0716F242BD975DD001560CD /* ImageFeed */,
				F08EE29C2C74F3B0008823DF /* ImageFeedTests */,
				F0716F482BD975E2001560CD /* ImageFeedUITests */,
				F0716F232BD975DD001560CD /* Products */,
			);
			sourceTree = "<group>";
		};
		F0716F232BD975DD001560CD /* Products */ = {
			isa = PBXGroup;
			children = (
				F0716F222BD975DD001560CD /* ImageFeed.app */,
				F0716F3B2BD975E2001560CD /* ImageFeedTests.xctest */,
				F0716F452BD975E2001560CD /* ImageFeedUITests.xctest */,
			);
			name = Products;
			sourceTree = "<group>";
		};
		F0716F242BD975DD001560CD /* ImageFeed */ = {
			isa = PBXGroup;
			children = (
				F052F4292C4A84C500099112 /* Service */,
				F0A9A8792C3C92DD00B9CF08 /* Init */,
				F0AEC0322BEE2C7D007F1412 /* ImagesList */,
				F0DF796C2C36FBAB00B0BE4E /* Auth */,
				F0AEC0362BFB8169007F1412 /* Profile */,
				F0A3F8022C0CDF3900CACF2C /* SingleImage */,
				F0716F252BD975DD001560CD /* AppDelegate.swift */,
				F0716F272BD975DD001560CD /* SceneDelegate.swift */,
				F0716F2B2BD975DD001560CD /* Main.storyboard */,
				F0716F312BD975E1001560CD /* Assets.xcassets */,
				F0716F332BD975E1001560CD /* LaunchScreen.storyboard */,
				F0716F362BD975E1001560CD /* Info.plist */,
				F0716F2E2BD975DD001560CD /* ImageFeed.xcdatamodeld */,
				F0192D7C2C33665400DD57F8 /* AuthConfiguration.swift */,
				F02FCEA72C46CD7300DAA8C5 /* UIBlockingProgressHUD.swift */,
				F02FF05C2C4FFBC40006E325 /* TabBarController.swift */,
			);
			path = ImageFeed;
			sourceTree = "<group>";
		};
		F0716F482BD975E2001560CD /* ImageFeedUITests */ = {
			isa = PBXGroup;
			children = (
				F0716F492BD975E2001560CD /* ImageFeedUITests.swift */,
				F0716F4B2BD975E2001560CD /* ImageFeedUITestsLaunchTests.swift */,
			);
			path = ImageFeedUITests;
			sourceTree = "<group>";
		};
		F08EE29C2C74F3B0008823DF /* ImageFeedTests */ = {
			isa = PBXGroup;
			children = (
				F0C72A522C750A5300416E5B /* SpyClassHelpers */,
				F08EE29D2C74F3DA008823DF /* WebViewTests.swift */,
				F08EE29F2C74F5E9008823DF /* ImageFeedTests-Bridging-Header.h */,
			);
			path = ImageFeedTests;
			sourceTree = "<group>";
		};
		F0A3F8022C0CDF3900CACF2C /* SingleImage */ = {
			isa = PBXGroup;
			children = (
				F0A3F8032C0CDF6100CACF2C /* SingleImageViewController.swift */,
			);
			path = SingleImage;
			sourceTree = "<group>";
		};
		F0A9A8792C3C92DD00B9CF08 /* Init */ = {
			isa = PBXGroup;
			children = (
				F0A9A87A2C3C930800B9CF08 /* SplashViewController.swift */,
			);
			path = Init;
			sourceTree = "<group>";
		};
		F0AEC0322BEE2C7D007F1412 /* ImagesList */ = {
			isa = PBXGroup;
			children = (
				F0AEC0302BEE2C33007F1412 /* ImagesListCell.swift */,
				F0716F292BD975DD001560CD /* ImagesListViewController.swift */,
				F0CFEE662C590A2000B5AAEE /* ImagesListService.swift */,
				F06F3BF12C70B898009928E9 /* PhotoModels */,
			);
			path = ImagesList;
			sourceTree = "<group>";
		};
		F0AEC0362BFB8169007F1412 /* Profile */ = {
			isa = PBXGroup;
			children = (
				F0AEC0342BFB8154007F1412 /* ProfileViewController.swift */,
				F02FCEA92C47FE8300DAA8C5 /* ProfileService.swift */,
				F052F4272C49B7F700099112 /* ProfileImageService.swift */,
				F0A64CFD2C6CEA36008AFA84 /* ProfileLogoutService.swift */,
			);
			path = Profile;
			sourceTree = "<group>";
		};
		F0C72A522C750A5300416E5B /* SpyClassHelpers */ = {
			isa = PBXGroup;
			children = (
				F0C72A532C750B1D00416E5B /* WebViewPresenterSpy.swift */,
				F0C72A552C750B3700416E5B /* WebViewViewControllerSpy.swift */,
			);
			path = SpyClassHelpers;
			sourceTree = "<group>";
		};
		F0DF796C2C36FBAB00B0BE4E /* Auth */ = {
			isa = PBXGroup;
			children = (
				F0DF796D2C36FBC800B0BE4E /* AuthViewController.swift */,
				F0DF796F2C36FE8400B0BE4E /* WebViewViewController.swift */,
				F0DF79712C375F3000B0BE4E /* WebViewViewControllerDelegate.swift */,
				F0DF79732C3AC38800B0BE4E /* OAuth2Service.swift */,
				F018F46C2C3B1959004EC349 /* OAuth2TokenActions.swift */,
				F02CA7832C40303500E1AABD /* OAuthTokenResponseBody.swift */,
				F027D2EE2C739FD400359E34 /* WebViewPresenter.swift */,
				F027D2F02C74B93F00359E34 /* AuthHelper.swift */,
			);
			path = Auth;
			sourceTree = "<group>";
		};
/* End PBXGroup section */

/* Begin PBXNativeTarget section */
		F0716F212BD975DD001560CD /* ImageFeed */ = {
			isa = PBXNativeTarget;
			buildConfigurationList = F0716F4F2BD975E2001560CD /* Build configuration list for PBXNativeTarget "ImageFeed" */;
			buildPhases = (
				F0716F1E2BD975DD001560CD /* Sources */,
				F0716F1F2BD975DD001560CD /* Frameworks */,
				F0716F202BD975DD001560CD /* Resources */,
			);
			buildRules = (
			);
			dependencies = (
			);
			name = ImageFeed;
			packageProductDependencies = (
				F0ACD62E2C429077001C6B65 /* ProgressHUD */,
				F052F42D2C4D8B7400099112 /* Kingfisher */,
				F02FF05A2C4FE3D30006E325 /* SwiftKeychainWrapper */,
			);
			productName = ImageFeed;
			productReference = F0716F222BD975DD001560CD /* ImageFeed.app */;
			productType = "com.apple.product-type.application";
		};
		F0716F3A2BD975E2001560CD /* ImageFeedTests */ = {
			isa = PBXNativeTarget;
			buildConfigurationList = F0716F522BD975E2001560CD /* Build configuration list for PBXNativeTarget "ImageFeedTests" */;
			buildPhases = (
				F0716F372BD975E2001560CD /* Sources */,
				F0716F382BD975E2001560CD /* Frameworks */,
				F0716F392BD975E2001560CD /* Resources */,
			);
			buildRules = (
			);
			dependencies = (
				F0716F3D2BD975E2001560CD /* PBXTargetDependency */,
			);
			name = ImageFeedTests;
			productName = ImageFeedTests;
			productReference = F0716F3B2BD975E2001560CD /* ImageFeedTests.xctest */;
			productType = "com.apple.product-type.bundle.unit-test";
		};
		F0716F442BD975E2001560CD /* ImageFeedUITests */ = {
			isa = PBXNativeTarget;
			buildConfigurationList = F0716F552BD975E2001560CD /* Build configuration list for PBXNativeTarget "ImageFeedUITests" */;
			buildPhases = (
				F0716F412BD975E2001560CD /* Sources */,
				F0716F422BD975E2001560CD /* Frameworks */,
				F0716F432BD975E2001560CD /* Resources */,
			);
			buildRules = (
			);
			dependencies = (
				F0716F472BD975E2001560CD /* PBXTargetDependency */,
			);
			name = ImageFeedUITests;
			productName = ImageFeedUITests;
			productReference = F0716F452BD975E2001560CD /* ImageFeedUITests.xctest */;
			productType = "com.apple.product-type.bundle.ui-testing";
		};
/* End PBXNativeTarget section */

/* Begin PBXProject section */
		F0716F1A2BD975DD001560CD /* Project object */ = {
			isa = PBXProject;
			attributes = {
				BuildIndependentTargetsInParallel = 1;
				LastSwiftUpdateCheck = 1510;
				LastUpgradeCheck = 1510;
				TargetAttributes = {
					F0716F212BD975DD001560CD = {
						CreatedOnToolsVersion = 15.1;
					};
					F0716F3A2BD975E2001560CD = {
						CreatedOnToolsVersion = 15.1;
						LastSwiftMigration = 1540;
						TestTargetID = F0716F212BD975DD001560CD;
					};
					F0716F442BD975E2001560CD = {
						CreatedOnToolsVersion = 15.1;
						TestTargetID = F0716F212BD975DD001560CD;
					};
				};
			};
			buildConfigurationList = F0716F1D2BD975DD001560CD /* Build configuration list for PBXProject "ImageFeed" */;
			compatibilityVersion = "Xcode 14.0";
			developmentRegion = en;
			hasScannedForEncodings = 0;
			knownRegions = (
				en,
				Base,
			);
			mainGroup = F0716F192BD975DD001560CD;
			packageReferences = (
				F0ACD62D2C429077001C6B65 /* XCRemoteSwiftPackageReference "ProgressHUD" */,
				F052F42C2C4D8B7400099112 /* XCRemoteSwiftPackageReference "Kingfisher" */,
				F02FF0592C4FE3D30006E325 /* XCRemoteSwiftPackageReference "SwiftKeychainWrapper" */,
			);
			productRefGroup = F0716F232BD975DD001560CD /* Products */;
			projectDirPath = "";
			projectRoot = "";
			targets = (
				F0716F212BD975DD001560CD /* ImageFeed */,
				F0716F3A2BD975E2001560CD /* ImageFeedTests */,
				F0716F442BD975E2001560CD /* ImageFeedUITests */,
			);
		};
/* End PBXProject section */

/* Begin PBXResourcesBuildPhase section */
		F0716F202BD975DD001560CD /* Resources */ = {
			isa = PBXResourcesBuildPhase;
			buildActionMask = 2147483647;
			files = (
				F0716F352BD975E1001560CD /* LaunchScreen.storyboard in Resources */,
				F0716F322BD975E1001560CD /* Assets.xcassets in Resources */,
				F0716F2D2BD975DD001560CD /* Main.storyboard in Resources */,
			);
			runOnlyForDeploymentPostprocessing = 0;
		};
		F0716F392BD975E2001560CD /* Resources */ = {
			isa = PBXResourcesBuildPhase;
			buildActionMask = 2147483647;
			files = (
			);
			runOnlyForDeploymentPostprocessing = 0;
		};
		F0716F432BD975E2001560CD /* Resources */ = {
			isa = PBXResourcesBuildPhase;
			buildActionMask = 2147483647;
			files = (
			);
			runOnlyForDeploymentPostprocessing = 0;
		};
/* End PBXResourcesBuildPhase section */

/* Begin PBXSourcesBuildPhase section */
		F0716F1E2BD975DD001560CD /* Sources */ = {
			isa = PBXSourcesBuildPhase;
			buildActionMask = 2147483647;
			files = (
				F0DF79702C36FE8400B0BE4E /* WebViewViewController.swift in Sources */,
				F06F3BEA2C70B79F009928E9 /* UserResult.swift in Sources */,
				F0AEC0352BFB8154007F1412 /* ProfileViewController.swift in Sources */,
				F0CFEE692C590B6400B5AAEE /* PhotoResult.swift in Sources */,
				F0DF79742C3AC38800B0BE4E /* OAuth2Service.swift in Sources */,
				F0A64CFE2C6CEA36008AFA84 /* ProfileLogoutService.swift in Sources */,
				F06F3BEC2C70B7B6009928E9 /* ProfileImageResult.swift in Sources */,
				F06F3BEE2C70B7C5009928E9 /* SocialResult.swift in Sources */,
				F02FCEA82C46CD7300DAA8C5 /* UIBlockingProgressHUD.swift in Sources */,
				F0CFEE672C590A2000B5AAEE /* ImagesListService.swift in Sources */,
				F027D2EF2C739FD400359E34 /* WebViewPresenter.swift in Sources */,
				F020E8692C6E43B30021D555 /* Logger.swift in Sources */,
				F0716F2A2BD975DD001560CD /* ImagesListViewController.swift in Sources */,
				F0716F302BD975DD001560CD /* ImageFeed.xcdatamodeld in Sources */,
				F0A9A87B2C3C930800B9CF08 /* SplashViewController.swift in Sources */,
				F052F42B2C4A84D600099112 /* URLSession+Extensions.swift in Sources */,
				F02FCEAA2C47FE8300DAA8C5 /* ProfileService.swift in Sources */,
				F0A3F8042C0CDF6100CACF2C /* SingleImageViewController.swift in Sources */,
				F0AEC0312BEE2C33007F1412 /* ImagesListCell.swift in Sources */,
				F0716F262BD975DD001560CD /* AppDelegate.swift in Sources */,
				F0DF79722C375F3000B0BE4E /* WebViewViewControllerDelegate.swift in Sources */,
				F02FF05D2C4FFBC40006E325 /* TabBarController.swift in Sources */,
				F0716F282BD975DD001560CD /* SceneDelegate.swift in Sources */,
				F0DF796E2C36FBC800B0BE4E /* AuthViewController.swift in Sources */,
				F018F46D2C3B1959004EC349 /* OAuth2TokenActions.swift in Sources */,
				F052F4282C49B7F800099112 /* ProfileImageService.swift in Sources */,
				F0192D7D2C33665400DD57F8 /* AuthConfiguration.swift in Sources */,
				F06F3BE82C70B773009928E9 /* UrlsResult.swift in Sources */,
				F02CA7842C40303500E1AABD /* OAuthTokenResponseBody.swift in Sources */,
				F027D2F12C74B93F00359E34 /* AuthHelper.swift in Sources */,
				F06F3BF02C70B7D9009928E9 /* Photo.swift in Sources */,
			);
			runOnlyForDeploymentPostprocessing = 0;
		};
		F0716F372BD975E2001560CD /* Sources */ = {
			isa = PBXSourcesBuildPhase;
			buildActionMask = 2147483647;
			files = (
				F08EE29E2C74F3DA008823DF /* WebViewTests.swift in Sources */,
				F0C72A562C750B3700416E5B /* WebViewViewControllerSpy.swift in Sources */,
				F0C72A542C750B1D00416E5B /* WebViewPresenterSpy.swift in Sources */,
			);
			runOnlyForDeploymentPostprocessing = 0;
		};
		F0716F412BD975E2001560CD /* Sources */ = {
			isa = PBXSourcesBuildPhase;
			buildActionMask = 2147483647;
			files = (
				F0716F4C2BD975E2001560CD /* ImageFeedUITestsLaunchTests.swift in Sources */,
				F0716F4A2BD975E2001560CD /* ImageFeedUITests.swift in Sources */,
			);
			runOnlyForDeploymentPostprocessing = 0;
		};
/* End PBXSourcesBuildPhase section */

/* Begin PBXTargetDependency section */
		F0716F3D2BD975E2001560CD /* PBXTargetDependency */ = {
			isa = PBXTargetDependency;
			target = F0716F212BD975DD001560CD /* ImageFeed */;
			targetProxy = F0716F3C2BD975E2001560CD /* PBXContainerItemProxy */;
		};
		F0716F472BD975E2001560CD /* PBXTargetDependency */ = {
			isa = PBXTargetDependency;
			target = F0716F212BD975DD001560CD /* ImageFeed */;
			targetProxy = F0716F462BD975E2001560CD /* PBXContainerItemProxy */;
		};
/* End PBXTargetDependency section */

/* Begin PBXVariantGroup section */
		F0716F2B2BD975DD001560CD /* Main.storyboard */ = {
			isa = PBXVariantGroup;
			children = (
				F0716F2C2BD975DD001560CD /* Base */,
			);
			name = Main.storyboard;
			sourceTree = "<group>";
		};
		F0716F332BD975E1001560CD /* LaunchScreen.storyboard */ = {
			isa = PBXVariantGroup;
			children = (
				F0716F342BD975E1001560CD /* Base */,
			);
			name = LaunchScreen.storyboard;
			sourceTree = "<group>";
		};
/* End PBXVariantGroup section */

/* Begin XCBuildConfiguration section */
		F0716F4D2BD975E2001560CD /* Debug */ = {
			isa = XCBuildConfiguration;
			buildSettings = {
				ALWAYS_SEARCH_USER_PATHS = NO;
				ASSETCATALOG_COMPILER_GENERATE_SWIFT_ASSET_SYMBOL_EXTENSIONS = YES;
				CLANG_ANALYZER_NONNULL = YES;
				CLANG_ANALYZER_NUMBER_OBJECT_CONVERSION = YES_AGGRESSIVE;
				CLANG_CXX_LANGUAGE_STANDARD = "gnu++20";
				CLANG_ENABLE_MODULES = YES;
				CLANG_ENABLE_OBJC_ARC = YES;
				CLANG_ENABLE_OBJC_WEAK = YES;
				CLANG_WARN_BLOCK_CAPTURE_AUTORELEASING = YES;
				CLANG_WARN_BOOL_CONVERSION = YES;
				CLANG_WARN_COMMA = YES;
				CLANG_WARN_CONSTANT_CONVERSION = YES;
				CLANG_WARN_DEPRECATED_OBJC_IMPLEMENTATIONS = YES;
				CLANG_WARN_DIRECT_OBJC_ISA_USAGE = YES_ERROR;
				CLANG_WARN_DOCUMENTATION_COMMENTS = YES;
				CLANG_WARN_EMPTY_BODY = YES;
				CLANG_WARN_ENUM_CONVERSION = YES;
				CLANG_WARN_INFINITE_RECURSION = YES;
				CLANG_WARN_INT_CONVERSION = YES;
				CLANG_WARN_NON_LITERAL_NULL_CONVERSION = YES;
				CLANG_WARN_OBJC_IMPLICIT_RETAIN_SELF = YES;
				CLANG_WARN_OBJC_LITERAL_CONVERSION = YES;
				CLANG_WARN_OBJC_ROOT_CLASS = YES_ERROR;
				CLANG_WARN_QUOTED_INCLUDE_IN_FRAMEWORK_HEADER = YES;
				CLANG_WARN_RANGE_LOOP_ANALYSIS = YES;
				CLANG_WARN_STRICT_PROTOTYPES = YES;
				CLANG_WARN_SUSPICIOUS_MOVE = YES;
				CLANG_WARN_UNGUARDED_AVAILABILITY = YES_AGGRESSIVE;
				CLANG_WARN_UNREACHABLE_CODE = YES;
				CLANG_WARN__DUPLICATE_METHOD_MATCH = YES;
				COPY_PHASE_STRIP = NO;
				DEBUG_INFORMATION_FORMAT = dwarf;
				ENABLE_STRICT_OBJC_MSGSEND = YES;
				ENABLE_TESTABILITY = YES;
				ENABLE_USER_SCRIPT_SANDBOXING = YES;
				GCC_C_LANGUAGE_STANDARD = gnu17;
				GCC_DYNAMIC_NO_PIC = NO;
				GCC_NO_COMMON_BLOCKS = YES;
				GCC_OPTIMIZATION_LEVEL = 0;
				GCC_PREPROCESSOR_DEFINITIONS = (
					"DEBUG=1",
					"$(inherited)",
				);
				GCC_WARN_64_TO_32_BIT_CONVERSION = YES;
				GCC_WARN_ABOUT_RETURN_TYPE = YES_ERROR;
				GCC_WARN_UNDECLARED_SELECTOR = YES;
				GCC_WARN_UNINITIALIZED_AUTOS = YES_AGGRESSIVE;
				GCC_WARN_UNUSED_FUNCTION = YES;
				GCC_WARN_UNUSED_VARIABLE = YES;
				IPHONEOS_DEPLOYMENT_TARGET = 13.0;
				LOCALIZATION_PREFERS_STRING_CATALOGS = YES;
				MTL_ENABLE_DEBUG_INFO = INCLUDE_SOURCE;
				MTL_FAST_MATH = YES;
				ONLY_ACTIVE_ARCH = YES;
				SDKROOT = iphoneos;
				SWIFT_ACTIVE_COMPILATION_CONDITIONS = "DEBUG $(inherited)";
				SWIFT_OPTIMIZATION_LEVEL = "-Onone";
			};
			name = Debug;
		};
		F0716F4E2BD975E2001560CD /* Release */ = {
			isa = XCBuildConfiguration;
			buildSettings = {
				ALWAYS_SEARCH_USER_PATHS = NO;
				ASSETCATALOG_COMPILER_GENERATE_SWIFT_ASSET_SYMBOL_EXTENSIONS = YES;
				CLANG_ANALYZER_NONNULL = YES;
				CLANG_ANALYZER_NUMBER_OBJECT_CONVERSION = YES_AGGRESSIVE;
				CLANG_CXX_LANGUAGE_STANDARD = "gnu++20";
				CLANG_ENABLE_MODULES = YES;
				CLANG_ENABLE_OBJC_ARC = YES;
				CLANG_ENABLE_OBJC_WEAK = YES;
				CLANG_WARN_BLOCK_CAPTURE_AUTORELEASING = YES;
				CLANG_WARN_BOOL_CONVERSION = YES;
				CLANG_WARN_COMMA = YES;
				CLANG_WARN_CONSTANT_CONVERSION = YES;
				CLANG_WARN_DEPRECATED_OBJC_IMPLEMENTATIONS = YES;
				CLANG_WARN_DIRECT_OBJC_ISA_USAGE = YES_ERROR;
				CLANG_WARN_DOCUMENTATION_COMMENTS = YES;
				CLANG_WARN_EMPTY_BODY = YES;
				CLANG_WARN_ENUM_CONVERSION = YES;
				CLANG_WARN_INFINITE_RECURSION = YES;
				CLANG_WARN_INT_CONVERSION = YES;
				CLANG_WARN_NON_LITERAL_NULL_CONVERSION = YES;
				CLANG_WARN_OBJC_IMPLICIT_RETAIN_SELF = YES;
				CLANG_WARN_OBJC_LITERAL_CONVERSION = YES;
				CLANG_WARN_OBJC_ROOT_CLASS = YES_ERROR;
				CLANG_WARN_QUOTED_INCLUDE_IN_FRAMEWORK_HEADER = YES;
				CLANG_WARN_RANGE_LOOP_ANALYSIS = YES;
				CLANG_WARN_STRICT_PROTOTYPES = YES;
				CLANG_WARN_SUSPICIOUS_MOVE = YES;
				CLANG_WARN_UNGUARDED_AVAILABILITY = YES_AGGRESSIVE;
				CLANG_WARN_UNREACHABLE_CODE = YES;
				CLANG_WARN__DUPLICATE_METHOD_MATCH = YES;
				COPY_PHASE_STRIP = NO;
				DEBUG_INFORMATION_FORMAT = "dwarf-with-dsym";
				ENABLE_NS_ASSERTIONS = NO;
				ENABLE_STRICT_OBJC_MSGSEND = YES;
				ENABLE_USER_SCRIPT_SANDBOXING = YES;
				GCC_C_LANGUAGE_STANDARD = gnu17;
				GCC_NO_COMMON_BLOCKS = YES;
				GCC_WARN_64_TO_32_BIT_CONVERSION = YES;
				GCC_WARN_ABOUT_RETURN_TYPE = YES_ERROR;
				GCC_WARN_UNDECLARED_SELECTOR = YES;
				GCC_WARN_UNINITIALIZED_AUTOS = YES_AGGRESSIVE;
				GCC_WARN_UNUSED_FUNCTION = YES;
				GCC_WARN_UNUSED_VARIABLE = YES;
				IPHONEOS_DEPLOYMENT_TARGET = 13.0;
				LOCALIZATION_PREFERS_STRING_CATALOGS = YES;
				MTL_ENABLE_DEBUG_INFO = NO;
				MTL_FAST_MATH = YES;
				SDKROOT = iphoneos;
				SWIFT_COMPILATION_MODE = wholemodule;
				VALIDATE_PRODUCT = YES;
			};
			name = Release;
		};
		F0716F502BD975E2001560CD /* Debug */ = {
			isa = XCBuildConfiguration;
			buildSettings = {
				ASSETCATALOG_COMPILER_APPICON_NAME = AppIcon;
				ASSETCATALOG_COMPILER_GLOBAL_ACCENT_COLOR_NAME = AccentColor;
				CODE_SIGN_STYLE = Automatic;
				CURRENT_PROJECT_VERSION = 1;
				DEVELOPMENT_TEAM = NCRVF5QWX2;
				GENERATE_INFOPLIST_FILE = YES;
				INFOPLIST_FILE = ImageFeed/Info.plist;
				INFOPLIST_KEY_LSApplicationCategoryType = "public.app-category.entertainment";
				INFOPLIST_KEY_UIApplicationSupportsIndirectInputEvents = YES;
				INFOPLIST_KEY_UILaunchStoryboardName = LaunchScreen;
				INFOPLIST_KEY_UIMainStoryboardFile = Main;
				INFOPLIST_KEY_UISupportedInterfaceOrientations = UIInterfaceOrientationPortrait;
				INFOPLIST_KEY_UISupportedInterfaceOrientations_iPad = "UIInterfaceOrientationLandscapeLeft UIInterfaceOrientationLandscapeRight UIInterfaceOrientationPortrait UIInterfaceOrientationPortraitUpsideDown";
				IPHONEOS_DEPLOYMENT_TARGET = 13.0;
				LD_RUNPATH_SEARCH_PATHS = (
					"$(inherited)",
					"@executable_path/Frameworks",
				);
				MARKETING_VERSION = 1.0;
				PRODUCT_BUNDLE_IDENTIFIER = mr.kauperwood.ImageFeed;
				PRODUCT_NAME = "$(TARGET_NAME)";
				SUPPORTED_PLATFORMS = "iphoneos iphonesimulator";
				SUPPORTS_MACCATALYST = NO;
				SUPPORTS_MAC_DESIGNED_FOR_IPHONE_IPAD = NO;
				SWIFT_EMIT_LOC_STRINGS = YES;
				SWIFT_VERSION = 5.0;
				TARGETED_DEVICE_FAMILY = 1;
			};
			name = Debug;
		};
		F0716F512BD975E2001560CD /* Release */ = {
			isa = XCBuildConfiguration;
			buildSettings = {
				ASSETCATALOG_COMPILER_APPICON_NAME = AppIcon;
				ASSETCATALOG_COMPILER_GLOBAL_ACCENT_COLOR_NAME = AccentColor;
				CODE_SIGN_STYLE = Automatic;
				CURRENT_PROJECT_VERSION = 1;
				DEVELOPMENT_TEAM = NCRVF5QWX2;
				GENERATE_INFOPLIST_FILE = YES;
				INFOPLIST_FILE = ImageFeed/Info.plist;
				INFOPLIST_KEY_LSApplicationCategoryType = "public.app-category.entertainment";
				INFOPLIST_KEY_UIApplicationSupportsIndirectInputEvents = YES;
				INFOPLIST_KEY_UILaunchStoryboardName = LaunchScreen;
				INFOPLIST_KEY_UIMainStoryboardFile = Main;
				INFOPLIST_KEY_UISupportedInterfaceOrientations = UIInterfaceOrientationPortrait;
				INFOPLIST_KEY_UISupportedInterfaceOrientations_iPad = "UIInterfaceOrientationLandscapeLeft UIInterfaceOrientationLandscapeRight UIInterfaceOrientationPortrait UIInterfaceOrientationPortraitUpsideDown";
				IPHONEOS_DEPLOYMENT_TARGET = 13.0;
				LD_RUNPATH_SEARCH_PATHS = (
					"$(inherited)",
					"@executable_path/Frameworks",
				);
				MARKETING_VERSION = 1.0;
				PRODUCT_BUNDLE_IDENTIFIER = mr.kauperwood.ImageFeed;
				PRODUCT_NAME = "$(TARGET_NAME)";
				SUPPORTED_PLATFORMS = "iphoneos iphonesimulator";
				SUPPORTS_MACCATALYST = NO;
				SUPPORTS_MAC_DESIGNED_FOR_IPHONE_IPAD = NO;
				SWIFT_EMIT_LOC_STRINGS = YES;
				SWIFT_VERSION = 5.0;
				TARGETED_DEVICE_FAMILY = 1;
			};
			name = Release;
		};
		F0716F532BD975E2001560CD /* Debug */ = {
			isa = XCBuildConfiguration;
			buildSettings = {
				ALWAYS_EMBED_SWIFT_STANDARD_LIBRARIES = YES;
				BUNDLE_LOADER = "$(TEST_HOST)";
				CLANG_ENABLE_MODULES = YES;
				CODE_SIGN_STYLE = Automatic;
				CURRENT_PROJECT_VERSION = 1;
				DEVELOPMENT_TEAM = NCRVF5QWX2;
				GENERATE_INFOPLIST_FILE = YES;
				IPHONEOS_DEPLOYMENT_TARGET = 13.0;
				MARKETING_VERSION = 1.0;
				PRODUCT_BUNDLE_IDENTIFIER = mr.kauperwood.ImageFeedTests;
				PRODUCT_NAME = "$(TARGET_NAME)";
				SUPPORTED_PLATFORMS = "iphoneos iphonesimulator";
				SUPPORTS_MACCATALYST = NO;
				SUPPORTS_MAC_DESIGNED_FOR_IPHONE_IPAD = NO;
				SUPPORTS_XR_DESIGNED_FOR_IPHONE_IPAD = NO;
				SWIFT_EMIT_LOC_STRINGS = NO;
				SWIFT_OBJC_BRIDGING_HEADER = "ImageFeedTests/ImageFeedTests-Bridging-Header.h";
				SWIFT_OPTIMIZATION_LEVEL = "-Onone";
				SWIFT_VERSION = 5.0;
				TARGETED_DEVICE_FAMILY = 1;
				TEST_HOST = "$(BUILT_PRODUCTS_DIR)/ImageFeed.app/$(BUNDLE_EXECUTABLE_FOLDER_PATH)/ImageFeed";
			};
			name = Debug;
		};
		F0716F542BD975E2001560CD /* Release */ = {
			isa = XCBuildConfiguration;
			buildSettings = {
				ALWAYS_EMBED_SWIFT_STANDARD_LIBRARIES = YES;
				BUNDLE_LOADER = "$(TEST_HOST)";
				CLANG_ENABLE_MODULES = YES;
				CODE_SIGN_STYLE = Automatic;
				CURRENT_PROJECT_VERSION = 1;
				DEVELOPMENT_TEAM = NCRVF5QWX2;
				GENERATE_INFOPLIST_FILE = YES;
				IPHONEOS_DEPLOYMENT_TARGET = 13.0;
				MARKETING_VERSION = 1.0;
				PRODUCT_BUNDLE_IDENTIFIER = mr.kauperwood.ImageFeedTests;
				PRODUCT_NAME = "$(TARGET_NAME)";
				SUPPORTED_PLATFORMS = "iphoneos iphonesimulator";
				SUPPORTS_MACCATALYST = NO;
				SUPPORTS_MAC_DESIGNED_FOR_IPHONE_IPAD = NO;
				SUPPORTS_XR_DESIGNED_FOR_IPHONE_IPAD = NO;
				SWIFT_EMIT_LOC_STRINGS = NO;
				SWIFT_OBJC_BRIDGING_HEADER = "ImageFeedTests/ImageFeedTests-Bridging-Header.h";
				SWIFT_VERSION = 5.0;
				TARGETED_DEVICE_FAMILY = 1;
				TEST_HOST = "$(BUILT_PRODUCTS_DIR)/ImageFeed.app/$(BUNDLE_EXECUTABLE_FOLDER_PATH)/ImageFeed";
			};
			name = Release;
		};
		F0716F562BD975E2001560CD /* Debug */ = {
			isa = XCBuildConfiguration;
			buildSettings = {
				ALWAYS_EMBED_SWIFT_STANDARD_LIBRARIES = YES;
				CODE_SIGN_STYLE = Automatic;
				CURRENT_PROJECT_VERSION = 1;
				DEVELOPMENT_TEAM = NCRVF5QWX2;
				GENERATE_INFOPLIST_FILE = YES;
				MARKETING_VERSION = 1.0;
				PRODUCT_BUNDLE_IDENTIFIER = mr.kauperwood.ImageFeedUITests;
				PRODUCT_NAME = "$(TARGET_NAME)";
				SWIFT_EMIT_LOC_STRINGS = NO;
				SWIFT_VERSION = 5.0;
				TARGETED_DEVICE_FAMILY = "1,2";
				TEST_TARGET_NAME = ImageFeed;
			};
			name = Debug;
		};
		F0716F572BD975E2001560CD /* Release */ = {
			isa = XCBuildConfiguration;
			buildSettings = {
				ALWAYS_EMBED_SWIFT_STANDARD_LIBRARIES = YES;
				CODE_SIGN_STYLE = Automatic;
				CURRENT_PROJECT_VERSION = 1;
				DEVELOPMENT_TEAM = NCRVF5QWX2;
				GENERATE_INFOPLIST_FILE = YES;
				MARKETING_VERSION = 1.0;
				PRODUCT_BUNDLE_IDENTIFIER = mr.kauperwood.ImageFeedUITests;
				PRODUCT_NAME = "$(TARGET_NAME)";
				SWIFT_EMIT_LOC_STRINGS = NO;
				SWIFT_VERSION = 5.0;
				TARGETED_DEVICE_FAMILY = "1,2";
				TEST_TARGET_NAME = ImageFeed;
			};
			name = Release;
		};
/* End XCBuildConfiguration section */

/* Begin XCConfigurationList section */
		F0716F1D2BD975DD001560CD /* Build configuration list for PBXProject "ImageFeed" */ = {
			isa = XCConfigurationList;
			buildConfigurations = (
				F0716F4D2BD975E2001560CD /* Debug */,
				F0716F4E2BD975E2001560CD /* Release */,
			);
			defaultConfigurationIsVisible = 0;
			defaultConfigurationName = Release;
		};
		F0716F4F2BD975E2001560CD /* Build configuration list for PBXNativeTarget "ImageFeed" */ = {
			isa = XCConfigurationList;
			buildConfigurations = (
				F0716F502BD975E2001560CD /* Debug */,
				F0716F512BD975E2001560CD /* Release */,
			);
			defaultConfigurationIsVisible = 0;
			defaultConfigurationName = Release;
		};
		F0716F522BD975E2001560CD /* Build configuration list for PBXNativeTarget "ImageFeedTests" */ = {
			isa = XCConfigurationList;
			buildConfigurations = (
				F0716F532BD975E2001560CD /* Debug */,
				F0716F542BD975E2001560CD /* Release */,
			);
			defaultConfigurationIsVisible = 0;
			defaultConfigurationName = Release;
		};
		F0716F552BD975E2001560CD /* Build configuration list for PBXNativeTarget "ImageFeedUITests" */ = {
			isa = XCConfigurationList;
			buildConfigurations = (
				F0716F562BD975E2001560CD /* Debug */,
				F0716F572BD975E2001560CD /* Release */,
			);
			defaultConfigurationIsVisible = 0;
			defaultConfigurationName = Release;
		};
/* End XCConfigurationList section */

/* Begin XCRemoteSwiftPackageReference section */
		F02FF0592C4FE3D30006E325 /* XCRemoteSwiftPackageReference "SwiftKeychainWrapper" */ = {
			isa = XCRemoteSwiftPackageReference;
			repositoryURL = "https://github.com/jrendel/SwiftKeychainWrapper";
			requirement = {
				kind = upToNextMajorVersion;
				minimumVersion = 4.0.1;
			};
		};
		F052F42C2C4D8B7400099112 /* XCRemoteSwiftPackageReference "Kingfisher" */ = {
			isa = XCRemoteSwiftPackageReference;
			repositoryURL = "https://github.com/onevcat/Kingfisher.git";
			requirement = {
				kind = upToNextMajorVersion;
				minimumVersion = 7.12.0;
			};
		};
		F0ACD62D2C429077001C6B65 /* XCRemoteSwiftPackageReference "ProgressHUD" */ = {
			isa = XCRemoteSwiftPackageReference;
			repositoryURL = "https://github.com/relatedcode/ProgressHUD";
			requirement = {
				kind = upToNextMajorVersion;
				minimumVersion = 14.1.3;
			};
		};
/* End XCRemoteSwiftPackageReference section */

/* Begin XCSwiftPackageProductDependency section */
		F02FF05A2C4FE3D30006E325 /* SwiftKeychainWrapper */ = {
			isa = XCSwiftPackageProductDependency;
			package = F02FF0592C4FE3D30006E325 /* XCRemoteSwiftPackageReference "SwiftKeychainWrapper" */;
			productName = SwiftKeychainWrapper;
		};
		F052F42D2C4D8B7400099112 /* Kingfisher */ = {
			isa = XCSwiftPackageProductDependency;
			package = F052F42C2C4D8B7400099112 /* XCRemoteSwiftPackageReference "Kingfisher" */;
			productName = Kingfisher;
		};
		F0ACD62E2C429077001C6B65 /* ProgressHUD */ = {
			isa = XCSwiftPackageProductDependency;
			package = F0ACD62D2C429077001C6B65 /* XCRemoteSwiftPackageReference "ProgressHUD" */;
			productName = ProgressHUD;
		};
/* End XCSwiftPackageProductDependency section */

/* Begin XCVersionGroup section */
		F0716F2E2BD975DD001560CD /* ImageFeed.xcdatamodeld */ = {
			isa = XCVersionGroup;
			children = (
				F0716F2F2BD975DD001560CD /* ImageFeed.xcdatamodel */,
			);
			currentVersion = F0716F2F2BD975DD001560CD /* ImageFeed.xcdatamodel */;
			path = ImageFeed.xcdatamodeld;
			sourceTree = "<group>";
			versionGroupType = wrapper.xcdatamodel;
		};
/* End XCVersionGroup section */
	};
	rootObject = F0716F1A2BD975DD001560CD /* Project object */;
}
